
Microsoft Visual Studio Solution File, Format Version 12.00
# Visual Studio Version 16
VisualStudioVersion = 16.0.28822.285
MinimumVisualStudioVersion = 10.0.40219.1
Project("{FAE04EC0-301F-11D3-BF4B-00C04F79EFBC}") = "StringCalc", "StringCalc.csproj", "{F799E9FC-F31B-4B1C-B45D-17593F371681}"
EndProject
Global
	GlobalSection(SolutionConfigurationPlatforms) = preSolution
		Debug|Any CPU = Debug|Any CPU
		Release|Any CPU = Release|Any CPU
	EndGlobalSection
	GlobalSection(ProjectConfigurationPlatforms) = postSolution
		{F799E9FC-F31B-4B1C-B45D-17593F371681}.Debug|Any CPU.ActiveCfg = Debug|Any CPU
		{F799E9FC-F31B-4B1C-B45D-17593F371681}.Debug|Any CPU.Build.0 = Debug|Any CPU
		{F799E9FC-F31B-4B1C-B45D-17593F371681}.Release|Any CPU.ActiveCfg = Release|Any CPU
		{F799E9FC-F31B-4B1C-B45D-17593F371681}.Release|Any CPU.Build.0 = Release|Any CPU
	EndGlobalSection
	GlobalSection(SolutionProperties) = preSolution
		HideSolutionNode = FALSE
	EndGlobalSection
	GlobalSection(ExtensibilityGlobals) = postSolution
		SolutionGuid = {E78D43CA-9080-45FB-9930-D705C8CE675E}
	EndGlobalSection
EndGlobal
