
Microsoft Visual Studio Solution File, Format Version 12.00
# Visual Studio Version 16
VisualStudioVersion = 16.0.28822.285
MinimumVisualStudioVersion = 10.0.40219.1
Project("{FAE04EC0-301F-11D3-BF4B-00C04F79EFBC}") = "StringCalc", "StringCalc.csproj", "{F5A50D67-A54C-488B-B563-0FEDC26139B5}"
EndProject
Global
	GlobalSection(SolutionConfigurationPlatforms) = preSolution
		Debug|Any CPU = Debug|Any CPU
		Release|Any CPU = Release|Any CPU
	EndGlobalSection
	GlobalSection(ProjectConfigurationPlatforms) = postSolution
		{F5A50D67-A54C-488B-B563-0FEDC26139B5}.Debug|Any CPU.ActiveCfg = Debug|Any CPU
		{F5A50D67-A54C-488B-B563-0FEDC26139B5}.Debug|Any CPU.Build.0 = Debug|Any CPU
		{F5A50D67-A54C-488B-B563-0FEDC26139B5}.Release|Any CPU.ActiveCfg = Release|Any CPU
		{F5A50D67-A54C-488B-B563-0FEDC26139B5}.Release|Any CPU.Build.0 = Release|Any CPU
	EndGlobalSection
	GlobalSection(SolutionProperties) = preSolution
		HideSolutionNode = FALSE
	EndGlobalSection
	GlobalSection(ExtensibilityGlobals) = postSolution
		SolutionGuid = {BD861B8A-4C1A-4580-A0B5-ECDE4FE374F7}
	EndGlobalSection
EndGlobal
